
Microsoft Visual Studio Solution File, Format Version 12.00
# Visual Studio Version 17
VisualStudioVersion = 17.11.35327.3
MinimumVisualStudioVersion = 10.0.40219.1
Project("{FAE04EC0-301F-11D3-BF4B-00C04F79EFBC}") = "PARCIAL_2_NEW", "PARCIAL_2_NEW\PARCIAL_2_NEW.csproj", "{F444AEA0-6132-44FC-9466-6AD7EACD22A1}"
EndProject
Global
	GlobalSection(SolutionConfigurationPlatforms) = preSolution
		Debug|Any CPU = Debug|Any CPU
		Release|Any CPU = Release|Any CPU
	EndGlobalSection
	GlobalSection(ProjectConfigurationPlatforms) = postSolution
		{F444AEA0-6132-44FC-9466-6AD7EACD22A1}.Debug|Any CPU.ActiveCfg = Debug|Any CPU
		{F444AEA0-6132-44FC-9466-6AD7EACD22A1}.Debug|Any CPU.Build.0 = Debug|Any CPU
		{F444AEA0-6132-44FC-9466-6AD7EACD22A1}.Release|Any CPU.ActiveCfg = Release|Any CPU
		{F444AEA0-6132-44FC-9466-6AD7EACD22A1}.Release|Any CPU.Build.0 = Release|Any CPU
	EndGlobalSection
	GlobalSection(SolutionProperties) = preSolution
		HideSolutionNode = FALSE
	EndGlobalSection
	GlobalSection(ExtensibilityGlobals) = postSolution
		SolutionGuid = {78F7D210-9448-4AD4-8873-5F8BC7A00EF4}
	EndGlobalSection
EndGlobal
